// !$*UTF8*$!
{
	archiveVersion = 1;
	classes = {
	};
	objectVersion = 46;
	objects = {

/* Begin PBXBuildFile section */
		3A41F6431AA7D90E00227100 /* AppDelegate.swift in Sources */ = {isa = PBXBuildFile; fileRef = 3A41F6421AA7D90E00227100 /* AppDelegate.swift */; };
		3A41F6451AA7D90E00227100 /* ViewController.swift in Sources */ = {isa = PBXBuildFile; fileRef = 3A41F6441AA7D90E00227100 /* ViewController.swift */; };
		3A41F6481AA7D90E00227100 /* Main.storyboard in Resources */ = {isa = PBXBuildFile; fileRef = 3A41F6461AA7D90E00227100 /* Main.storyboard */; };
		3A41F64A1AA7D90E00227100 /* Images.xcassets in Resources */ = {isa = PBXBuildFile; fileRef = 3A41F6491AA7D90E00227100 /* Images.xcassets */; };
		3A41F64D1AA7D90E00227100 /* LaunchScreen.xib in Resources */ = {isa = PBXBuildFile; fileRef = 3A41F64B1AA7D90E00227100 /* LaunchScreen.xib */; };
		3A41F6591AA7D90F00227100 /* IntuitWearTests.swift in Sources */ = {isa = PBXBuildFile; fileRef = 3A41F6581AA7D90F00227100 /* IntuitWearTests.swift */; };
		3A41F66C1AA7D91D00227100 /* InterfaceController.swift in Sources */ = {isa = PBXBuildFile; fileRef = 3A41F66B1AA7D91D00227100 /* InterfaceController.swift */; };
		3A41F66E1AA7D91D00227100 /* NotificationController.swift in Sources */ = {isa = PBXBuildFile; fileRef = 3A41F66D1AA7D91D00227100 /* NotificationController.swift */; };
		3A41F6701AA7D91D00227100 /* GlanceController.swift in Sources */ = {isa = PBXBuildFile; fileRef = 3A41F66F1AA7D91D00227100 /* GlanceController.swift */; };
		3A41F6721AA7D91D00227100 /* Images.xcassets in Resources */ = {isa = PBXBuildFile; fileRef = 3A41F6711AA7D91D00227100 /* Images.xcassets */; };
		3A41F6761AA7D91D00227100 /* IntuitWear WatchKit App.app in Resources */ = {isa = PBXBuildFile; fileRef = 3A41F6751AA7D91D00227100 /* IntuitWear WatchKit App.app */; };
		3A41F67E1AA7D91D00227100 /* Interface.storyboard in Resources */ = {isa = PBXBuildFile; fileRef = 3A41F67C1AA7D91D00227100 /* Interface.storyboard */; };
		3A41F6801AA7D91D00227100 /* Images.xcassets in Resources */ = {isa = PBXBuildFile; fileRef = 3A41F67F1AA7D91D00227100 /* Images.xcassets */; };
		3A41F6831AA7D91D00227100 /* IntuitWear WatchKit Extension.appex in Embed App Extensions */ = {isa = PBXBuildFile; fileRef = 3A41F6661AA7D91D00227100 /* IntuitWear WatchKit Extension.appex */; settings = {ATTRIBUTES = (RemoveHeadersOnCopy, ); }; };
		3A41F68C1AA7D96900227100 /* PageController.swift in Sources */ = {isa = PBXBuildFile; fileRef = 3A41F68B1AA7D96900227100 /* PageController.swift */; };
		3A41F68F1AA7DBEF00227100 /* IntuitWearKit.framework in Frameworks */ = {isa = PBXBuildFile; fileRef = 3A41F68E1AA7DBEF00227100 /* IntuitWearKit.framework */; };
		3A41F6901AA7DBEF00227100 /* IntuitWearKit.framework in Frameworks */ = {isa = PBXBuildFile; fileRef = 3A41F68E1AA7DBEF00227100 /* IntuitWearKit.framework */; };
		3A7F38E61AA7DF71003DBD16 /* IntuitWearKit.framework in Embed App Extensions */ = {isa = PBXBuildFile; fileRef = 3A41F68E1AA7DBEF00227100 /* IntuitWearKit.framework */; settings = {ATTRIBUTES = (CodeSignOnCopy, RemoveHeadersOnCopy, ); }; };
/* End PBXBuildFile section */

/* Begin PBXContainerItemProxy section */
		3A41F6531AA7D90F00227100 /* PBXContainerItemProxy */ = {
			isa = PBXContainerItemProxy;
			containerPortal = 3A41F6351AA7D90E00227100 /* Project object */;
			proxyType = 1;
			remoteGlobalIDString = 3A41F63C1AA7D90E00227100;
			remoteInfo = IntuitWear;
		};
		3A41F6771AA7D91D00227100 /* PBXContainerItemProxy */ = {
			isa = PBXContainerItemProxy;
			containerPortal = 3A41F6351AA7D90E00227100 /* Project object */;
			proxyType = 1;
			remoteGlobalIDString = 3A41F6741AA7D91D00227100;
			remoteInfo = "IntuitWear WatchKit App";
		};
		3A41F6811AA7D91D00227100 /* PBXContainerItemProxy */ = {
			isa = PBXContainerItemProxy;
			containerPortal = 3A41F6351AA7D90E00227100 /* Project object */;
			proxyType = 1;
			remoteGlobalIDString = 3A41F6651AA7D91D00227100;
			remoteInfo = "IntuitWear WatchKit Extension";
		};
/* End PBXContainerItemProxy section */

/* Begin PBXCopyFilesBuildPhase section */
		3A41F68A1AA7D91D00227100 /* Embed App Extensions */ = {
			isa = PBXCopyFilesBuildPhase;
			buildActionMask = 2147483647;
			dstPath = "";
			dstSubfolderSpec = 10;
			files = (
				3A7F38E61AA7DF71003DBD16 /* IntuitWearKit.framework in Embed App Extensions */,
				3A41F6831AA7D91D00227100 /* IntuitWear WatchKit Extension.appex in Embed App Extensions */,
			);
			name = "Embed App Extensions";
			runOnlyForDeploymentPostprocessing = 0;
		};
/* End PBXCopyFilesBuildPhase section */

/* Begin PBXFileReference section */
		3A41F63D1AA7D90E00227100 /* IntuitWear.app */ = {isa = PBXFileReference; explicitFileType = wrapper.application; includeInIndex = 0; path = IntuitWear.app; sourceTree = BUILT_PRODUCTS_DIR; };
		3A41F6411AA7D90E00227100 /* Info.plist */ = {isa = PBXFileReference; lastKnownFileType = text.plist.xml; path = Info.plist; sourceTree = "<group>"; };
		3A41F6421AA7D90E00227100 /* AppDelegate.swift */ = {isa = PBXFileReference; lastKnownFileType = sourcecode.swift; path = AppDelegate.swift; sourceTree = "<group>"; };
		3A41F6441AA7D90E00227100 /* ViewController.swift */ = {isa = PBXFileReference; lastKnownFileType = sourcecode.swift; path = ViewController.swift; sourceTree = "<group>"; };
		3A41F6471AA7D90E00227100 /* Base */ = {isa = PBXFileReference; lastKnownFileType = file.storyboard; name = Base; path = Base.lproj/Main.storyboard; sourceTree = "<group>"; };
		3A41F6491AA7D90E00227100 /* Images.xcassets */ = {isa = PBXFileReference; lastKnownFileType = folder.assetcatalog; path = Images.xcassets; sourceTree = "<group>"; };
		3A41F64C1AA7D90E00227100 /* Base */ = {isa = PBXFileReference; lastKnownFileType = file.xib; name = Base; path = Base.lproj/LaunchScreen.xib; sourceTree = "<group>"; };
		3A41F6521AA7D90F00227100 /* IntuitWearTests.xctest */ = {isa = PBXFileReference; explicitFileType = wrapper.cfbundle; includeInIndex = 0; path = IntuitWearTests.xctest; sourceTree = BUILT_PRODUCTS_DIR; };
		3A41F6571AA7D90F00227100 /* Info.plist */ = {isa = PBXFileReference; lastKnownFileType = text.plist.xml; path = Info.plist; sourceTree = "<group>"; };
		3A41F6581AA7D90F00227100 /* IntuitWearTests.swift */ = {isa = PBXFileReference; lastKnownFileType = sourcecode.swift; path = IntuitWearTests.swift; sourceTree = "<group>"; };
		3A41F6661AA7D91D00227100 /* IntuitWear WatchKit Extension.appex */ = {isa = PBXFileReference; explicitFileType = "wrapper.app-extension"; includeInIndex = 0; path = "IntuitWear WatchKit Extension.appex"; sourceTree = BUILT_PRODUCTS_DIR; };
		3A41F6691AA7D91D00227100 /* Info.plist */ = {isa = PBXFileReference; lastKnownFileType = text.plist.xml; path = Info.plist; sourceTree = "<group>"; };
		3A41F66A1AA7D91D00227100 /* PushNotificationPayload.apns */ = {isa = PBXFileReference; lastKnownFileType = text; path = PushNotificationPayload.apns; sourceTree = "<group>"; };
		3A41F66B1AA7D91D00227100 /* InterfaceController.swift */ = {isa = PBXFileReference; lastKnownFileType = sourcecode.swift; path = InterfaceController.swift; sourceTree = "<group>"; };
		3A41F66D1AA7D91D00227100 /* NotificationController.swift */ = {isa = PBXFileReference; lastKnownFileType = sourcecode.swift; path = NotificationController.swift; sourceTree = "<group>"; };
		3A41F66F1AA7D91D00227100 /* GlanceController.swift */ = {isa = PBXFileReference; lastKnownFileType = sourcecode.swift; path = GlanceController.swift; sourceTree = "<group>"; };
		3A41F6711AA7D91D00227100 /* Images.xcassets */ = {isa = PBXFileReference; lastKnownFileType = folder.assetcatalog; path = Images.xcassets; sourceTree = "<group>"; };
		3A41F6751AA7D91D00227100 /* IntuitWear WatchKit App.app */ = {isa = PBXFileReference; explicitFileType = wrapper.application; includeInIndex = 0; path = "IntuitWear WatchKit App.app"; sourceTree = BUILT_PRODUCTS_DIR; };
		3A41F67B1AA7D91D00227100 /* Info.plist */ = {isa = PBXFileReference; lastKnownFileType = text.plist.xml; path = Info.plist; sourceTree = "<group>"; };
		3A41F67D1AA7D91D00227100 /* Base */ = {isa = PBXFileReference; lastKnownFileType = file.storyboard; name = Base; path = Base.lproj/Interface.storyboard; sourceTree = "<group>"; };
		3A41F67F1AA7D91D00227100 /* Images.xcassets */ = {isa = PBXFileReference; lastKnownFileType = folder.assetcatalog; path = Images.xcassets; sourceTree = "<group>"; };
		3A41F68B1AA7D96900227100 /* PageController.swift */ = {isa = PBXFileReference; fileEncoding = 4; lastKnownFileType = sourcecode.swift; path = PageController.swift; sourceTree = "<group>"; };
		3A41F68E1AA7DBEF00227100 /* IntuitWearKit.framework */ = {isa = PBXFileReference; lastKnownFileType = wrapper.framework; path = IntuitWearKit.framework; sourceTree = "<group>"; };
/* End PBXFileReference section */

/* Begin PBXFrameworksBuildPhase section */
		3A41F63A1AA7D90E00227100 /* Frameworks */ = {
			isa = PBXFrameworksBuildPhase;
			buildActionMask = 2147483647;
			files = (
				3A41F68F1AA7DBEF00227100 /* IntuitWearKit.framework in Frameworks */,
			);
			runOnlyForDeploymentPostprocessing = 0;
		};
		3A41F64F1AA7D90F00227100 /* Frameworks */ = {
			isa = PBXFrameworksBuildPhase;
			buildActionMask = 2147483647;
			files = (
			);
			runOnlyForDeploymentPostprocessing = 0;
		};
		3A41F6631AA7D91D00227100 /* Frameworks */ = {
			isa = PBXFrameworksBuildPhase;
			buildActionMask = 2147483647;
			files = (
				3A41F6901AA7DBEF00227100 /* IntuitWearKit.framework in Frameworks */,
			);
			runOnlyForDeploymentPostprocessing = 0;
		};
/* End PBXFrameworksBuildPhase section */

/* Begin PBXGroup section */
		3A41F6341AA7D90E00227100 = {
			isa = PBXGroup;
			children = (
				3A41F68D1AA7DBA900227100 /* Frameworks */,
				3A41F63F1AA7D90E00227100 /* IntuitWear */,
				3A41F6551AA7D90F00227100 /* IntuitWearTests */,
				3A41F6671AA7D91D00227100 /* IntuitWear WatchKit Extension */,
				3A41F6791AA7D91D00227100 /* IntuitWear WatchKit App */,
				3A41F63E1AA7D90E00227100 /* Products */,
			);
			sourceTree = "<group>";
		};
		3A41F63E1AA7D90E00227100 /* Products */ = {
			isa = PBXGroup;
			children = (
				3A41F63D1AA7D90E00227100 /* IntuitWear.app */,
				3A41F6521AA7D90F00227100 /* IntuitWearTests.xctest */,
				3A41F6661AA7D91D00227100 /* IntuitWear WatchKit Extension.appex */,
				3A41F6751AA7D91D00227100 /* IntuitWear WatchKit App.app */,
			);
			name = Products;
			sourceTree = "<group>";
		};
		3A41F63F1AA7D90E00227100 /* IntuitWear */ = {
			isa = PBXGroup;
			children = (
				3A41F6421AA7D90E00227100 /* AppDelegate.swift */,
				3A41F6441AA7D90E00227100 /* ViewController.swift */,
				3A41F6461AA7D90E00227100 /* Main.storyboard */,
				3A41F6491AA7D90E00227100 /* Images.xcassets */,
				3A41F64B1AA7D90E00227100 /* LaunchScreen.xib */,
				3A41F6401AA7D90E00227100 /* Supporting Files */,
			);
			path = IntuitWear;
			sourceTree = "<group>";
		};
		3A41F6401AA7D90E00227100 /* Supporting Files */ = {
			isa = PBXGroup;
			children = (
				3A41F6411AA7D90E00227100 /* Info.plist */,
			);
			name = "Supporting Files";
			sourceTree = "<group>";
		};
		3A41F6551AA7D90F00227100 /* IntuitWearTests */ = {
			isa = PBXGroup;
			children = (
				3A41F6581AA7D90F00227100 /* IntuitWearTests.swift */,
				3A41F6561AA7D90F00227100 /* Supporting Files */,
			);
			path = IntuitWearTests;
			sourceTree = "<group>";
		};
		3A41F6561AA7D90F00227100 /* Supporting Files */ = {
			isa = PBXGroup;
			children = (
				3A41F6571AA7D90F00227100 /* Info.plist */,
			);
			name = "Supporting Files";
			sourceTree = "<group>";
		};
		3A41F6671AA7D91D00227100 /* IntuitWear WatchKit Extension */ = {
			isa = PBXGroup;
			children = (
				3A41F66B1AA7D91D00227100 /* InterfaceController.swift */,
				3A41F66D1AA7D91D00227100 /* NotificationController.swift */,
				3A41F66F1AA7D91D00227100 /* GlanceController.swift */,
				3A41F68B1AA7D96900227100 /* PageController.swift */,
				3A41F6711AA7D91D00227100 /* Images.xcassets */,
				3A41F6681AA7D91D00227100 /* Supporting Files */,
			);
			path = "IntuitWear WatchKit Extension";
			sourceTree = "<group>";
		};
		3A41F6681AA7D91D00227100 /* Supporting Files */ = {
			isa = PBXGroup;
			children = (
				3A41F6691AA7D91D00227100 /* Info.plist */,
				3A41F66A1AA7D91D00227100 /* PushNotificationPayload.apns */,
			);
			name = "Supporting Files";
			sourceTree = "<group>";
		};
		3A41F6791AA7D91D00227100 /* IntuitWear WatchKit App */ = {
			isa = PBXGroup;
			children = (
				3A41F67C1AA7D91D00227100 /* Interface.storyboard */,
				3A41F67F1AA7D91D00227100 /* Images.xcassets */,
				3A41F67A1AA7D91D00227100 /* Supporting Files */,
			);
			path = "IntuitWear WatchKit App";
			sourceTree = "<group>";
		};
		3A41F67A1AA7D91D00227100 /* Supporting Files */ = {
			isa = PBXGroup;
			children = (
				3A41F67B1AA7D91D00227100 /* Info.plist */,
			);
			name = "Supporting Files";
			sourceTree = "<group>";
		};
		3A41F68D1AA7DBA900227100 /* Frameworks */ = {
			isa = PBXGroup;
			children = (
				3A41F68E1AA7DBEF00227100 /* IntuitWearKit.framework */,
			);
			name = Frameworks;
			sourceTree = "<group>";
		};
/* End PBXGroup section */

/* Begin PBXNativeTarget section */
		3A41F63C1AA7D90E00227100 /* IntuitWear */ = {
			isa = PBXNativeTarget;
			buildConfigurationList = 3A41F65C1AA7D90F00227100 /* Build configuration list for PBXNativeTarget "IntuitWear" */;
			buildPhases = (
				3A41F6391AA7D90E00227100 /* Sources */,
				3A41F63A1AA7D90E00227100 /* Frameworks */,
				3A41F63B1AA7D90E00227100 /* Resources */,
				3A41F68A1AA7D91D00227100 /* Embed App Extensions */,
			);
			buildRules = (
			);
			dependencies = (
				3A41F6821AA7D91D00227100 /* PBXTargetDependency */,
			);
			name = IntuitWear;
			productName = IntuitWear;
			productReference = 3A41F63D1AA7D90E00227100 /* IntuitWear.app */;
			productType = "com.apple.product-type.application";
		};
		3A41F6511AA7D90F00227100 /* IntuitWearTests */ = {
			isa = PBXNativeTarget;
			buildConfigurationList = 3A41F65F1AA7D90F00227100 /* Build configuration list for PBXNativeTarget "IntuitWearTests" */;
			buildPhases = (
				3A41F64E1AA7D90F00227100 /* Sources */,
				3A41F64F1AA7D90F00227100 /* Frameworks */,
				3A41F6501AA7D90F00227100 /* Resources */,
			);
			buildRules = (
			);
			dependencies = (
				3A41F6541AA7D90F00227100 /* PBXTargetDependency */,
			);
			name = IntuitWearTests;
			productName = IntuitWearTests;
			productReference = 3A41F6521AA7D90F00227100 /* IntuitWearTests.xctest */;
			productType = "com.apple.product-type.bundle.unit-test";
		};
		3A41F6651AA7D91D00227100 /* IntuitWear WatchKit Extension */ = {
			isa = PBXNativeTarget;
			buildConfigurationList = 3A41F6871AA7D91D00227100 /* Build configuration list for PBXNativeTarget "IntuitWear WatchKit Extension" */;
			buildPhases = (
				3A41F6621AA7D91D00227100 /* Sources */,
				3A41F6631AA7D91D00227100 /* Frameworks */,
				3A41F6641AA7D91D00227100 /* Resources */,
			);
			buildRules = (
			);
			dependencies = (
				3A41F6781AA7D91D00227100 /* PBXTargetDependency */,
			);
			name = "IntuitWear WatchKit Extension";
			productName = "IntuitWear WatchKit Extension";
			productReference = 3A41F6661AA7D91D00227100 /* IntuitWear WatchKit Extension.appex */;
			productType = "com.apple.product-type.watchkit-extension";
		};
		3A41F6741AA7D91D00227100 /* IntuitWear WatchKit App */ = {
			isa = PBXNativeTarget;
			buildConfigurationList = 3A41F6841AA7D91D00227100 /* Build configuration list for PBXNativeTarget "IntuitWear WatchKit App" */;
			buildPhases = (
				3A41F6731AA7D91D00227100 /* Resources */,
			);
			buildRules = (
			);
			dependencies = (
			);
			name = "IntuitWear WatchKit App";
			productName = "IntuitWear WatchKit App";
			productReference = 3A41F6751AA7D91D00227100 /* IntuitWear WatchKit App.app */;
			productType = "com.apple.product-type.application.watchapp";
		};
/* End PBXNativeTarget section */

/* Begin PBXProject section */
		3A41F6351AA7D90E00227100 /* Project object */ = {
			isa = PBXProject;
			attributes = {
				LastUpgradeCheck = 0630;
				ORGANIZATIONNAME = "Hitesh Maidasani";
				TargetAttributes = {
					3A41F63C1AA7D90E00227100 = {
						CreatedOnToolsVersion = 6.3;
					};
					3A41F6511AA7D90F00227100 = {
						CreatedOnToolsVersion = 6.3;
						TestTargetID = 3A41F63C1AA7D90E00227100;
					};
					3A41F6651AA7D91D00227100 = {
						CreatedOnToolsVersion = 6.3;
					};
					3A41F6741AA7D91D00227100 = {
						CreatedOnToolsVersion = 6.3;
					};
				};
			};
			buildConfigurationList = 3A41F6381AA7D90E00227100 /* Build configuration list for PBXProject "IntuitWear" */;
			compatibilityVersion = "Xcode 3.2";
			developmentRegion = English;
			hasScannedForEncodings = 0;
			knownRegions = (
				en,
				Base,
			);
			mainGroup = 3A41F6341AA7D90E00227100;
			productRefGroup = 3A41F63E1AA7D90E00227100 /* Products */;
			projectDirPath = "";
			projectRoot = "";
			targets = (
				3A41F63C1AA7D90E00227100 /* IntuitWear */,
				3A41F6511AA7D90F00227100 /* IntuitWearTests */,
				3A41F6651AA7D91D00227100 /* IntuitWear WatchKit Extension */,
				3A41F6741AA7D91D00227100 /* IntuitWear WatchKit App */,
			);
		};
/* End PBXProject section */

/* Begin PBXResourcesBuildPhase section */
		3A41F63B1AA7D90E00227100 /* Resources */ = {
			isa = PBXResourcesBuildPhase;
			buildActionMask = 2147483647;
			files = (
				3A41F6481AA7D90E00227100 /* Main.storyboard in Resources */,
				3A41F64D1AA7D90E00227100 /* LaunchScreen.xib in Resources */,
				3A41F64A1AA7D90E00227100 /* Images.xcassets in Resources */,
			);
			runOnlyForDeploymentPostprocessing = 0;
		};
		3A41F6501AA7D90F00227100 /* Resources */ = {
			isa = PBXResourcesBuildPhase;
			buildActionMask = 2147483647;
			files = (
			);
			runOnlyForDeploymentPostprocessing = 0;
		};
		3A41F6641AA7D91D00227100 /* Resources */ = {
			isa = PBXResourcesBuildPhase;
			buildActionMask = 2147483647;
			files = (
				3A41F6761AA7D91D00227100 /* IntuitWear WatchKit App.app in Resources */,
				3A41F6721AA7D91D00227100 /* Images.xcassets in Resources */,
			);
			runOnlyForDeploymentPostprocessing = 0;
		};
		3A41F6731AA7D91D00227100 /* Resources */ = {
			isa = PBXResourcesBuildPhase;
			buildActionMask = 2147483647;
			files = (
				3A41F67E1AA7D91D00227100 /* Interface.storyboard in Resources */,
				3A41F6801AA7D91D00227100 /* Images.xcassets in Resources */,
			);
			runOnlyForDeploymentPostprocessing = 0;
		};
/* End PBXResourcesBuildPhase section */

/* Begin PBXSourcesBuildPhase section */
		3A41F6391AA7D90E00227100 /* Sources */ = {
			isa = PBXSourcesBuildPhase;
			buildActionMask = 2147483647;
			files = (
				3A41F6451AA7D90E00227100 /* ViewController.swift in Sources */,
				3A41F6431AA7D90E00227100 /* AppDelegate.swift in Sources */,
			);
			runOnlyForDeploymentPostprocessing = 0;
		};
		3A41F64E1AA7D90F00227100 /* Sources */ = {
			isa = PBXSourcesBuildPhase;
			buildActionMask = 2147483647;
			files = (
				3A41F6591AA7D90F00227100 /* IntuitWearTests.swift in Sources */,
			);
			runOnlyForDeploymentPostprocessing = 0;
		};
		3A41F6621AA7D91D00227100 /* Sources */ = {
			isa = PBXSourcesBuildPhase;
			buildActionMask = 2147483647;
			files = (
				3A41F68C1AA7D96900227100 /* PageController.swift in Sources */,
				3A41F66E1AA7D91D00227100 /* NotificationController.swift in Sources */,
				3A41F66C1AA7D91D00227100 /* InterfaceController.swift in Sources */,
				3A41F6701AA7D91D00227100 /* GlanceController.swift in Sources */,
			);
			runOnlyForDeploymentPostprocessing = 0;
		};
/* End PBXSourcesBuildPhase section */

/* Begin PBXTargetDependency section */
		3A41F6541AA7D90F00227100 /* PBXTargetDependency */ = {
			isa = PBXTargetDependency;
			target = 3A41F63C1AA7D90E00227100 /* IntuitWear */;
			targetProxy = 3A41F6531AA7D90F00227100 /* PBXContainerItemProxy */;
		};
		3A41F6781AA7D91D00227100 /* PBXTargetDependency */ = {
			isa = PBXTargetDependency;
			target = 3A41F6741AA7D91D00227100 /* IntuitWear WatchKit App */;
			targetProxy = 3A41F6771AA7D91D00227100 /* PBXContainerItemProxy */;
		};
		3A41F6821AA7D91D00227100 /* PBXTargetDependency */ = {
			isa = PBXTargetDependency;
			target = 3A41F6651AA7D91D00227100 /* IntuitWear WatchKit Extension */;
			targetProxy = 3A41F6811AA7D91D00227100 /* PBXContainerItemProxy */;
		};
/* End PBXTargetDependency section */

/* Begin PBXVariantGroup section */
		3A41F6461AA7D90E00227100 /* Main.storyboard */ = {
			isa = PBXVariantGroup;
			children = (
				3A41F6471AA7D90E00227100 /* Base */,
			);
			name = Main.storyboard;
			sourceTree = "<group>";
		};
		3A41F64B1AA7D90E00227100 /* LaunchScreen.xib */ = {
			isa = PBXVariantGroup;
			children = (
				3A41F64C1AA7D90E00227100 /* Base */,
			);
			name = LaunchScreen.xib;
			sourceTree = "<group>";
		};
		3A41F67C1AA7D91D00227100 /* Interface.storyboard */ = {
			isa = PBXVariantGroup;
			children = (
				3A41F67D1AA7D91D00227100 /* Base */,
			);
			name = Interface.storyboard;
			sourceTree = "<group>";
		};
/* End PBXVariantGroup section */

/* Begin XCBuildConfiguration section */
		3A41F65A1AA7D90F00227100 /* Debug */ = {
			isa = XCBuildConfiguration;
			buildSettings = {
				ALWAYS_SEARCH_USER_PATHS = NO;
				CLANG_CXX_LANGUAGE_STANDARD = "gnu++0x";
				CLANG_CXX_LIBRARY = "libc++";
				CLANG_ENABLE_MODULES = YES;
				CLANG_ENABLE_OBJC_ARC = YES;
				CLANG_WARN_BOOL_CONVERSION = YES;
				CLANG_WARN_CONSTANT_CONVERSION = YES;
				CLANG_WARN_DIRECT_OBJC_ISA_USAGE = YES_ERROR;
				CLANG_WARN_EMPTY_BODY = YES;
				CLANG_WARN_ENUM_CONVERSION = YES;
				CLANG_WARN_INT_CONVERSION = YES;
				CLANG_WARN_OBJC_ROOT_CLASS = YES_ERROR;
				CLANG_WARN_UNREACHABLE_CODE = YES;
				CLANG_WARN__DUPLICATE_METHOD_MATCH = YES;
				"CODE_SIGN_IDENTITY[sdk=iphoneos*]" = "iPhone Developer";
				COPY_PHASE_STRIP = NO;
				DEBUG_INFORMATION_FORMAT = dwarf;
				ENABLE_STRICT_OBJC_MSGSEND = YES;
				GCC_C_LANGUAGE_STANDARD = gnu99;
				GCC_DYNAMIC_NO_PIC = NO;
				GCC_NO_COMMON_BLOCKS = YES;
				GCC_OPTIMIZATION_LEVEL = 0;
				GCC_PREPROCESSOR_DEFINITIONS = (
					"DEBUG=1",
					"$(inherited)",
				);
				GCC_SYMBOLS_PRIVATE_EXTERN = NO;
				GCC_WARN_64_TO_32_BIT_CONVERSION = YES;
				GCC_WARN_ABOUT_RETURN_TYPE = YES_ERROR;
				GCC_WARN_UNDECLARED_SELECTOR = YES;
				GCC_WARN_UNINITIALIZED_AUTOS = YES_AGGRESSIVE;
				GCC_WARN_UNUSED_FUNCTION = YES;
				GCC_WARN_UNUSED_VARIABLE = YES;
				IPHONEOS_DEPLOYMENT_TARGET = 8.2;
				MTL_ENABLE_DEBUG_INFO = YES;
				ONLY_ACTIVE_ARCH = YES;
				SDKROOT = iphoneos;
				SWIFT_OPTIMIZATION_LEVEL = "-Onone";
				TARGETED_DEVICE_FAMILY = "1,2";
			};
			name = Debug;
		};
		3A41F65B1AA7D90F00227100 /* Release */ = {
			isa = XCBuildConfiguration;
			buildSettings = {
				ALWAYS_SEARCH_USER_PATHS = NO;
				CLANG_CXX_LANGUAGE_STANDARD = "gnu++0x";
				CLANG_CXX_LIBRARY = "libc++";
				CLANG_ENABLE_MODULES = YES;
				CLANG_ENABLE_OBJC_ARC = YES;
				CLANG_WARN_BOOL_CONVERSION = YES;
				CLANG_WARN_CONSTANT_CONVERSION = YES;
				CLANG_WARN_DIRECT_OBJC_ISA_USAGE = YES_ERROR;
				CLANG_WARN_EMPTY_BODY = YES;
				CLANG_WARN_ENUM_CONVERSION = YES;
				CLANG_WARN_INT_CONVERSION = YES;
				CLANG_WARN_OBJC_ROOT_CLASS = YES_ERROR;
				CLANG_WARN_UNREACHABLE_CODE = YES;
				CLANG_WARN__DUPLICATE_METHOD_MATCH = YES;
				"CODE_SIGN_IDENTITY[sdk=iphoneos*]" = "iPhone Developer";
				COPY_PHASE_STRIP = NO;
				DEBUG_INFORMATION_FORMAT = "dwarf-with-dsym";
				ENABLE_NS_ASSERTIONS = NO;
				ENABLE_STRICT_OBJC_MSGSEND = YES;
				GCC_C_LANGUAGE_STANDARD = gnu99;
				GCC_NO_COMMON_BLOCKS = YES;
				GCC_WARN_64_TO_32_BIT_CONVERSION = YES;
				GCC_WARN_ABOUT_RETURN_TYPE = YES_ERROR;
				GCC_WARN_UNDECLARED_SELECTOR = YES;
				GCC_WARN_UNINITIALIZED_AUTOS = YES_AGGRESSIVE;
				GCC_WARN_UNUSED_FUNCTION = YES;
				GCC_WARN_UNUSED_VARIABLE = YES;
				IPHONEOS_DEPLOYMENT_TARGET = 8.2;
				MTL_ENABLE_DEBUG_INFO = NO;
				SDKROOT = iphoneos;
				TARGETED_DEVICE_FAMILY = "1,2";
				VALIDATE_PRODUCT = YES;
			};
			name = Release;
		};
		3A41F65D1AA7D90F00227100 /* Debug */ = {
			isa = XCBuildConfiguration;
			buildSettings = {
				ASSETCATALOG_COMPILER_APPICON_NAME = AppIcon;
				EMBEDDED_CONTENT_CONTAINS_SWIFT = YES;
				FRAMEWORK_SEARCH_PATHS = (
					"$(inherited)",
					"$(PROJECT_DIR)",
				);
				INFOPLIST_FILE = IntuitWear/Info.plist;
				LD_RUNPATH_SEARCH_PATHS = "$(inherited) @executable_path/Frameworks";
				PRODUCT_NAME = "$(TARGET_NAME)";
			};
			name = Debug;
		};
		3A41F65E1AA7D90F00227100 /* Release */ = {
			isa = XCBuildConfiguration;
			buildSettings = {
				ASSETCATALOG_COMPILER_APPICON_NAME = AppIcon;
				EMBEDDED_CONTENT_CONTAINS_SWIFT = YES;
				FRAMEWORK_SEARCH_PATHS = (
					"$(inherited)",
					"$(PROJECT_DIR)",
				);
				INFOPLIST_FILE = IntuitWear/Info.plist;
				LD_RUNPATH_SEARCH_PATHS = "$(inherited) @executable_path/Frameworks";
				PRODUCT_NAME = "$(TARGET_NAME)";
			};
			name = Release;
		};
		3A41F6601AA7D90F00227100 /* Debug */ = {
			isa = XCBuildConfiguration;
			buildSettings = {
				BUNDLE_LOADER = "$(TEST_HOST)";
				FRAMEWORK_SEARCH_PATHS = (
					"$(SDKROOT)/Developer/Library/Frameworks",
					"$(inherited)",
				);
				GCC_PREPROCESSOR_DEFINITIONS = (
					"DEBUG=1",
					"$(inherited)",
				);
				INFOPLIST_FILE = IntuitWearTests/Info.plist;
				LD_RUNPATH_SEARCH_PATHS = "$(inherited) @executable_path/Frameworks @loader_path/Frameworks";
				PRODUCT_NAME = "$(TARGET_NAME)";
				TEST_HOST = "$(BUILT_PRODUCTS_DIR)/IntuitWear.app/IntuitWear";
			};
			name = Debug;
		};
		3A41F6611AA7D90F00227100 /* Release */ = {
			isa = XCBuildConfiguration;
			buildSettings = {
				BUNDLE_LOADER = "$(TEST_HOST)";
				FRAMEWORK_SEARCH_PATHS = (
					"$(SDKROOT)/Developer/Library/Frameworks",
					"$(inherited)",
				);
				INFOPLIST_FILE = IntuitWearTests/Info.plist;
				LD_RUNPATH_SEARCH_PATHS = "$(inherited) @executable_path/Frameworks @loader_path/Frameworks";
				PRODUCT_NAME = "$(TARGET_NAME)";
				TEST_HOST = "$(BUILT_PRODUCTS_DIR)/IntuitWear.app/IntuitWear";
			};
			name = Release;
		};
		3A41F6851AA7D91D00227100 /* Debug */ = {
			isa = XCBuildConfiguration;
			buildSettings = {
				ASSETCATALOG_COMPILER_APPICON_NAME = AppIcon;
				GCC_PREPROCESSOR_DEFINITIONS = (
					"DEBUG=1",
					"$(inherited)",
				);
				IBSC_MODULE = IntuitWear_WatchKit_Extension;
				INFOPLIST_FILE = "IntuitWear WatchKit App/Info.plist";
				PRODUCT_NAME = "$(TARGET_NAME)";
				SKIP_INSTALL = YES;
				TARGETED_DEVICE_FAMILY = 4;
				"TARGETED_DEVICE_FAMILY[sdk=iphonesimulator*]" = "1,4";
			};
			name = Debug;
		};
		3A41F6861AA7D91D00227100 /* Release */ = {
			isa = XCBuildConfiguration;
			buildSettings = {
				ASSETCATALOG_COMPILER_APPICON_NAME = AppIcon;
				IBSC_MODULE = IntuitWear_WatchKit_Extension;
				INFOPLIST_FILE = "IntuitWear WatchKit App/Info.plist";
				PRODUCT_NAME = "$(TARGET_NAME)";
				SKIP_INSTALL = YES;
				TARGETED_DEVICE_FAMILY = 4;
				"TARGETED_DEVICE_FAMILY[sdk=iphonesimulator*]" = "1,4";
			};
			name = Release;
		};
		3A41F6881AA7D91D00227100 /* Debug */ = {
			isa = XCBuildConfiguration;
			buildSettings = {
				FRAMEWORK_SEARCH_PATHS = (
					"$(inherited)",
					"$(PROJECT_DIR)",
				);
				GCC_PREPROCESSOR_DEFINITIONS = (
					"DEBUG=1",
					"$(inherited)",
				);
				INFOPLIST_FILE = "IntuitWear WatchKit Extension/Info.plist";
				LD_RUNPATH_SEARCH_PATHS = "$(inherited) @executable_path/Frameworks @executable_path/../../Frameworks";
				PRODUCT_NAME = "${TARGET_NAME}";
				SKIP_INSTALL = YES;
			};
			name = Debug;
		};
		3A41F6891AA7D91D00227100 /* Release */ = {
			isa = XCBuildConfiguration;
			buildSettings = {
				FRAMEWORK_SEARCH_PATHS = (
					"$(inherited)",
					"$(PROJECT_DIR)",
				);
				INFOPLIST_FILE = "IntuitWear WatchKit Extension/Info.plist";
				LD_RUNPATH_SEARCH_PATHS = "$(inherited) @executable_path/Frameworks @executable_path/../../Frameworks";
				PRODUCT_NAME = "${TARGET_NAME}";
				SKIP_INSTALL = YES;
			};
			name = Release;
		};
/* End XCBuildConfiguration section */

/* Begin XCConfigurationList section */
		3A41F6381AA7D90E00227100 /* Build configuration list for PBXProject "IntuitWear" */ = {
			isa = XCConfigurationList;
			buildConfigurations = (
				3A41F65A1AA7D90F00227100 /* Debug */,
				3A41F65B1AA7D90F00227100 /* Release */,
			);
			defaultConfigurationIsVisible = 0;
			defaultConfigurationName = Release;
		};
		3A41F65C1AA7D90F00227100 /* Build configuration list for PBXNativeTarget "IntuitWear" */ = {
			isa = XCConfigurationList;
			buildConfigurations = (
				3A41F65D1AA7D90F00227100 /* Debug */,
				3A41F65E1AA7D90F00227100 /* Release */,
			);
			defaultConfigurationIsVisible = 0;
			defaultConfigurationName = Release;
		};
		3A41F65F1AA7D90F00227100 /* Build configuration list for PBXNativeTarget "IntuitWearTests" */ = {
			isa = XCConfigurationList;
			buildConfigurations = (
				3A41F6601AA7D90F00227100 /* Debug */,
				3A41F6611AA7D90F00227100 /* Release */,
			);
			defaultConfigurationIsVisible = 0;
			defaultConfigurationName = Release;
		};
		3A41F6841AA7D91D00227100 /* Build configuration list for PBXNativeTarget "IntuitWear WatchKit App" */ = {
			isa = XCConfigurationList;
			buildConfigurations = (
				3A41F6851AA7D91D00227100 /* Debug */,
				3A41F6861AA7D91D00227100 /* Release */,
			);
			defaultConfigurationIsVisible = 0;
			defaultConfigurationName = Release;
		};
		3A41F6871AA7D91D00227100 /* Build configuration list for PBXNativeTarget "IntuitWear WatchKit Extension" */ = {
			isa = XCConfigurationList;
			buildConfigurations = (
				3A41F6881AA7D91D00227100 /* Debug */,
				3A41F6891AA7D91D00227100 /* Release */,
			);
			defaultConfigurationIsVisible = 0;
			defaultConfigurationName = Release;
		};
/* End XCConfigurationList section */
	};
	rootObject = 3A41F6351AA7D90E00227100 /* Project object */;
}
